// !$*UTF8*$!
{
	archiveVersion = 1;
	classes = {
	};
	objectVersion = 46;
	objects = {

/* Begin PBXBuildFile section */
		788CD5BB91B35ADFBC8291EA /* Pods_Gorilla.framework in Frameworks */ = {isa = PBXBuildFile; fileRef = 6027435A53F9FF40CF4E2B2E /* Pods_Gorilla.framework */; };
		8D1A42BF222FD9A300EDD03A /* ImgurAPI+ImgurTargetConvertible.swift in Sources */ = {isa = PBXBuildFile; fileRef = 8D1A42BE222FD9A300EDD03A /* ImgurAPI+ImgurTargetConvertible.swift */; };
		8D1A42C1222FDA4200EDD03A /* ImgurTargetConvertible.swift in Sources */ = {isa = PBXBuildFile; fileRef = 8D1A42C0222FDA4200EDD03A /* ImgurTargetConvertible.swift */; };
		8D23C475221EE8A800DB4626 /* FeedViewControllerSearchInteractor.swift in Sources */ = {isa = PBXBuildFile; fileRef = 8D23C474221EE8A800DB4626 /* FeedViewControllerSearchInteractor.swift */; };
		8D23C479221EECB200DB4626 /* FeedCollectionView.swift in Sources */ = {isa = PBXBuildFile; fileRef = 8D23C478221EECB200DB4626 /* FeedCollectionView.swift */; };
		8D23C47C221EEEA200DB4626 /* UIColor+Random.swift in Sources */ = {isa = PBXBuildFile; fileRef = 8D23C47B221EEEA200DB4626 /* UIColor+Random.swift */; };
		8D23C47F221EF23600DB4626 /* FeedCollectionImageViewCell.swift in Sources */ = {isa = PBXBuildFile; fileRef = 8D23C47D221EF23600DB4626 /* FeedCollectionImageViewCell.swift */; };
		8D23C480221EF23600DB4626 /* FeedCollectionImageViewCell.xib in Resources */ = {isa = PBXBuildFile; fileRef = 8D23C47E221EF23600DB4626 /* FeedCollectionImageViewCell.xib */; };
		8D23C483221EFBD000DB4626 /* FeedCollectionImageViewCellViewModel.swift in Sources */ = {isa = PBXBuildFile; fileRef = 8D23C482221EFBD000DB4626 /* FeedCollectionImageViewCellViewModel.swift */; };
		8D50395322267CCC00E55E1B /* FeedViewControllerCollectionViewDataSource.swift in Sources */ = {isa = PBXBuildFile; fileRef = 8D50395222267CCC00E55E1B /* FeedViewControllerCollectionViewDataSource.swift */; };
		8D76851F22259D9200B6AC98 /* ImgureGallerySearchResult.swift in Sources */ = {isa = PBXBuildFile; fileRef = 8D76851E22259D9200B6AC98 /* ImgureGallerySearchResult.swift */; };
		8DB5DC75222FBC4100D3DB00 /* ImgurAuthenticationPlugin.swift in Sources */ = {isa = PBXBuildFile; fileRef = 8DB5DC74222FBC4100D3DB00 /* ImgurAuthenticationPlugin.swift */; };
		8DCFD9D6222EE1BA00F83C1B /* ImgurRequestManager.swift in Sources */ = {isa = PBXBuildFile; fileRef = 8DCFD9D5222EE1BA00F83C1B /* ImgurRequestManager.swift */; };
		8DDA2862222E847200247E05 /* ImgurTarget.swift in Sources */ = {isa = PBXBuildFile; fileRef = 8DDA2861222E847200247E05 /* ImgurTarget.swift */; };
		8DDD47952231601A005F555D /* SpecificResult.swift in Sources */ = {isa = PBXBuildFile; fileRef = 8DDD47942231601A005F555D /* SpecificResult.swift */; };
		8DDD4799223163E1005F555D /* SimpleJSONDataMapper.swift in Sources */ = {isa = PBXBuildFile; fileRef = 8DDD4798223163E1005F555D /* SimpleJSONDataMapper.swift */; };
		8DF59E27221D94130037C19B /* AppCoordinator.swift in Sources */ = {isa = PBXBuildFile; fileRef = 8DF59E25221D94130037C19B /* AppCoordinator.swift */; };
		8DF59E28221D94130037C19B /* AppCoordinatorType.swift in Sources */ = {isa = PBXBuildFile; fileRef = 8DF59E26221D94130037C19B /* AppCoordinatorType.swift */; };
		908A6021110A538AFB3221BD /* Pods_GorillaTests.framework in Frameworks */ = {isa = PBXBuildFile; fileRef = 7D6FA0AB4F531E6AF6427CF7 /* Pods_GorillaTests.framework */; };
		99A1E33A1F75E8940BF330A8 /* FeedViewController.swift in Sources */ = {isa = PBXBuildFile; fileRef = 99A1E75E43A3A572158F11CE /* FeedViewController.swift */; };
		99A1E34DCC1950CC517858FA /* Gorilla.xcdatamodeld in Sources */ = {isa = PBXBuildFile; fileRef = 99A1E150CB3A38516BCF07BB /* Gorilla.xcdatamodeld */; };
		99A1E3E21A1D7055C4C1540D /* AppDelegate.swift in Sources */ = {isa = PBXBuildFile; fileRef = 99A1E1235B2B788E6FEA365E /* AppDelegate.swift */; };
		99A1E45180C3143F9B23E554 /* GorillaTests.swift in Sources */ = {isa = PBXBuildFile; fileRef = 99A1E130F4B7C3EBE71D0C10 /* GorillaTests.swift */; };
		99A1E64BB3BDBC887DD8BC7C /* LaunchScreen.storyboard in Resources */ = {isa = PBXBuildFile; fileRef = 99A1E0C84B8AA6F747D367F4 /* LaunchScreen.storyboard */; };
		99A1E8060A6D828624F430A7 /* TargetConvertible.swift in Sources */ = {isa = PBXBuildFile; fileRef = 99A1EF1CC75EA1CAE2010169 /* TargetConvertible.swift */; };
		99A1E9A1E6812C59AEE84AD3 /* ImgurAPIGallerySearch.swift in Sources */ = {isa = PBXBuildFile; fileRef = 99A1EA3E98F4C7181731ED45 /* ImgurAPIGallerySearch.swift */; };
		99A1E9BE2FF252AD0DFB5369 /* Assets.xcassets in Resources */ = {isa = PBXBuildFile; fileRef = 99A1EBB5AC76538AA7CD2EC5 /* Assets.xcassets */; };
		99A1E9EFFCEE3276D223EAAE /* JSONDecodable.swift in Sources */ = {isa = PBXBuildFile; fileRef = 99A1EAF972BB8ADB001EA6D7 /* JSONDecodable.swift */; };
		99A1EB6AD6709E3E4CFE4C45 /* CredentialProvideable.swift in Sources */ = {isa = PBXBuildFile; fileRef = 99A1ECC7AD9B882BF9476B7A /* CredentialProvideable.swift */; };
		99A1EB6CAB5BE93C3D170A97 /* Main.storyboard in Resources */ = {isa = PBXBuildFile; fileRef = 99A1E6C9825437D136CD7DA6 /* Main.storyboard */; };
		99A1EC974E554FD57895B91E /* ImgurAPI.swift in Sources */ = {isa = PBXBuildFile; fileRef = 99A1EDE519198BEA9D31A9FF /* ImgurAPI.swift */; };
		99A1ECD5B90ED421B871B8F9 /* ImgurAPIGallery.swift in Sources */ = {isa = PBXBuildFile; fileRef = 99A1EA38059CAF3B6A7691AB /* ImgurAPIGallery.swift */; };
/* End PBXBuildFile section */

/* Begin PBXContainerItemProxy section */
		99A1E26E7993B7E9CA744B15 /* PBXContainerItemProxy */ = {
			isa = PBXContainerItemProxy;
			containerPortal = 99A1EFF8742B5BC43D450492 /* Project object */;
			proxyType = 1;
			remoteGlobalIDString = 99A1E7FAF260304A675346C3;
			remoteInfo = Gorilla;
		};
/* End PBXContainerItemProxy section */

/* Begin PBXFileReference section */
		6027435A53F9FF40CF4E2B2E /* Pods_Gorilla.framework */ = {isa = PBXFileReference; explicitFileType = wrapper.framework; includeInIndex = 0; path = Pods_Gorilla.framework; sourceTree = BUILT_PRODUCTS_DIR; };
		6604FC07FAA964D85AA4F8D7 /* Pods-GorillaTests.release.xcconfig */ = {isa = PBXFileReference; includeInIndex = 1; lastKnownFileType = text.xcconfig; name = "Pods-GorillaTests.release.xcconfig"; path = "Pods/Target Support Files/Pods-GorillaTests/Pods-GorillaTests.release.xcconfig"; sourceTree = "<group>"; };
		7D6FA0AB4F531E6AF6427CF7 /* Pods_GorillaTests.framework */ = {isa = PBXFileReference; explicitFileType = wrapper.framework; includeInIndex = 0; path = Pods_GorillaTests.framework; sourceTree = BUILT_PRODUCTS_DIR; };
		836D5C283965809B96BDF8B8 /* Pods-GorillaTests.debug.xcconfig */ = {isa = PBXFileReference; includeInIndex = 1; lastKnownFileType = text.xcconfig; name = "Pods-GorillaTests.debug.xcconfig"; path = "Pods/Target Support Files/Pods-GorillaTests/Pods-GorillaTests.debug.xcconfig"; sourceTree = "<group>"; };
		8D1A42BE222FD9A300EDD03A /* ImgurAPI+ImgurTargetConvertible.swift */ = {isa = PBXFileReference; lastKnownFileType = sourcecode.swift; path = "ImgurAPI+ImgurTargetConvertible.swift"; sourceTree = "<group>"; };
		8D1A42C0222FDA4200EDD03A /* ImgurTargetConvertible.swift */ = {isa = PBXFileReference; lastKnownFileType = sourcecode.swift; path = ImgurTargetConvertible.swift; sourceTree = "<group>"; };
		8D23C474221EE8A800DB4626 /* FeedViewControllerSearchInteractor.swift */ = {isa = PBXFileReference; lastKnownFileType = sourcecode.swift; path = FeedViewControllerSearchInteractor.swift; sourceTree = "<group>"; };
		8D23C478221EECB200DB4626 /* FeedCollectionView.swift */ = {isa = PBXFileReference; lastKnownFileType = sourcecode.swift; path = FeedCollectionView.swift; sourceTree = "<group>"; };
		8D23C47B221EEEA200DB4626 /* UIColor+Random.swift */ = {isa = PBXFileReference; lastKnownFileType = sourcecode.swift; path = "UIColor+Random.swift"; sourceTree = "<group>"; };
		8D23C47D221EF23600DB4626 /* FeedCollectionImageViewCell.swift */ = {isa = PBXFileReference; lastKnownFileType = sourcecode.swift; path = FeedCollectionImageViewCell.swift; sourceTree = "<group>"; };
		8D23C47E221EF23600DB4626 /* FeedCollectionImageViewCell.xib */ = {isa = PBXFileReference; lastKnownFileType = file.xib; path = FeedCollectionImageViewCell.xib; sourceTree = "<group>"; };
		8D23C482221EFBD000DB4626 /* FeedCollectionImageViewCellViewModel.swift */ = {isa = PBXFileReference; lastKnownFileType = sourcecode.swift; path = FeedCollectionImageViewCellViewModel.swift; sourceTree = "<group>"; };
		8D50395222267CCC00E55E1B /* FeedViewControllerCollectionViewDataSource.swift */ = {isa = PBXFileReference; lastKnownFileType = sourcecode.swift; path = FeedViewControllerCollectionViewDataSource.swift; sourceTree = "<group>"; };
		8D54083F221DA79E0022C161 /* Info.plist */ = {isa = PBXFileReference; fileEncoding = 4; lastKnownFileType = text.plist.xml; path = Info.plist; sourceTree = "<group>"; };
		8D76851E22259D9200B6AC98 /* ImgureGallerySearchResult.swift */ = {isa = PBXFileReference; lastKnownFileType = sourcecode.swift; path = ImgureGallerySearchResult.swift; sourceTree = "<group>"; };
		8DB5DC74222FBC4100D3DB00 /* ImgurAuthenticationPlugin.swift */ = {isa = PBXFileReference; lastKnownFileType = sourcecode.swift; path = ImgurAuthenticationPlugin.swift; sourceTree = "<group>"; };
		8DCFD9D5222EE1BA00F83C1B /* ImgurRequestManager.swift */ = {isa = PBXFileReference; lastKnownFileType = sourcecode.swift; path = ImgurRequestManager.swift; sourceTree = "<group>"; };
		8DDA2861222E847200247E05 /* ImgurTarget.swift */ = {isa = PBXFileReference; lastKnownFileType = sourcecode.swift; path = ImgurTarget.swift; sourceTree = "<group>"; };
		8DDD47942231601A005F555D /* SpecificResult.swift */ = {isa = PBXFileReference; lastKnownFileType = sourcecode.swift; path = SpecificResult.swift; sourceTree = "<group>"; };
		8DDD4798223163E1005F555D /* SimpleJSONDataMapper.swift */ = {isa = PBXFileReference; lastKnownFileType = sourcecode.swift; path = SimpleJSONDataMapper.swift; sourceTree = "<group>"; };
		8DF59E25221D94130037C19B /* AppCoordinator.swift */ = {isa = PBXFileReference; fileEncoding = 4; lastKnownFileType = sourcecode.swift; path = AppCoordinator.swift; sourceTree = "<group>"; };
		8DF59E26221D94130037C19B /* AppCoordinatorType.swift */ = {isa = PBXFileReference; fileEncoding = 4; lastKnownFileType = sourcecode.swift; path = AppCoordinatorType.swift; sourceTree = "<group>"; };
		9222F2CED78881D018D1A98B /* Pods-Gorilla.debug.xcconfig */ = {isa = PBXFileReference; includeInIndex = 1; lastKnownFileType = text.xcconfig; name = "Pods-Gorilla.debug.xcconfig"; path = "Pods/Target Support Files/Pods-Gorilla/Pods-Gorilla.debug.xcconfig"; sourceTree = "<group>"; };
		99A1E0C84B8AA6F747D367F4 /* LaunchScreen.storyboard */ = {isa = PBXFileReference; lastKnownFileType = file.storyboard; path = LaunchScreen.storyboard; sourceTree = "<group>"; };
		99A1E10DE28AAA6CE4401C58 /* Gorilla.xcdatamodel */ = {isa = PBXFileReference; lastKnownFileType = wrapper.xcdatamodel; path = Gorilla.xcdatamodel; sourceTree = "<group>"; };
		99A1E1235B2B788E6FEA365E /* AppDelegate.swift */ = {isa = PBXFileReference; fileEncoding = 4; lastKnownFileType = sourcecode.swift; path = AppDelegate.swift; sourceTree = "<group>"; };
		99A1E130F4B7C3EBE71D0C10 /* GorillaTests.swift */ = {isa = PBXFileReference; lastKnownFileType = sourcecode.swift; path = GorillaTests.swift; sourceTree = "<group>"; };
		99A1E5654FA12BCBAEAA8A64 /* GorillaTests.xctest */ = {isa = PBXFileReference; explicitFileType = wrapper.cfbundle; includeInIndex = 0; path = GorillaTests.xctest; sourceTree = BUILT_PRODUCTS_DIR; };
		99A1E6C9825437D136CD7DA6 /* Main.storyboard */ = {isa = PBXFileReference; lastKnownFileType = file.storyboard; path = Main.storyboard; sourceTree = "<group>"; };
		99A1E75E43A3A572158F11CE /* FeedViewController.swift */ = {isa = PBXFileReference; fileEncoding = 4; lastKnownFileType = sourcecode.swift; path = FeedViewController.swift; sourceTree = "<group>"; wrapsLines = 0; };
		99A1EA38059CAF3B6A7691AB /* ImgurAPIGallery.swift */ = {isa = PBXFileReference; fileEncoding = 4; lastKnownFileType = sourcecode.swift; path = ImgurAPIGallery.swift; sourceTree = "<group>"; };
		99A1EA3E98F4C7181731ED45 /* ImgurAPIGallerySearch.swift */ = {isa = PBXFileReference; fileEncoding = 4; lastKnownFileType = sourcecode.swift; path = ImgurAPIGallerySearch.swift; sourceTree = "<group>"; };
		99A1EAF972BB8ADB001EA6D7 /* JSONDecodable.swift */ = {isa = PBXFileReference; fileEncoding = 4; lastKnownFileType = sourcecode.swift; path = JSONDecodable.swift; sourceTree = "<group>"; };
		99A1EBB5AC76538AA7CD2EC5 /* Assets.xcassets */ = {isa = PBXFileReference; lastKnownFileType = folder.assetcatalog; path = Assets.xcassets; sourceTree = "<group>"; };
		99A1ECB36A82AB05C94D6FD8 /* Gorilla.app */ = {isa = PBXFileReference; explicitFileType = wrapper.application; includeInIndex = 0; path = Gorilla.app; sourceTree = BUILT_PRODUCTS_DIR; };
		99A1ECC7AD9B882BF9476B7A /* CredentialProvideable.swift */ = {isa = PBXFileReference; fileEncoding = 4; lastKnownFileType = sourcecode.swift; path = CredentialProvideable.swift; sourceTree = "<group>"; };
		99A1EDE519198BEA9D31A9FF /* ImgurAPI.swift */ = {isa = PBXFileReference; fileEncoding = 4; lastKnownFileType = sourcecode.swift; path = ImgurAPI.swift; sourceTree = "<group>"; };
		99A1EF1CC75EA1CAE2010169 /* TargetConvertible.swift */ = {isa = PBXFileReference; fileEncoding = 4; lastKnownFileType = sourcecode.swift; path = TargetConvertible.swift; sourceTree = "<group>"; };
		CB332D6B9D1BB93948310378 /* Pods-Gorilla.release.xcconfig */ = {isa = PBXFileReference; includeInIndex = 1; lastKnownFileType = text.xcconfig; name = "Pods-Gorilla.release.xcconfig"; path = "Pods/Target Support Files/Pods-Gorilla/Pods-Gorilla.release.xcconfig"; sourceTree = "<group>"; };
/* End PBXFileReference section */

/* Begin PBXFrameworksBuildPhase section */
		99A1E8C155CF369AAAB72FB1 /* Frameworks */ = {
			isa = PBXFrameworksBuildPhase;
			buildActionMask = 2147483647;
			files = (
				788CD5BB91B35ADFBC8291EA /* Pods_Gorilla.framework in Frameworks */,
			);
			runOnlyForDeploymentPostprocessing = 0;
		};
		99A1EA6EE177163AC448E258 /* Frameworks */ = {
			isa = PBXFrameworksBuildPhase;
			buildActionMask = 2147483647;
			files = (
				908A6021110A538AFB3221BD /* Pods_GorillaTests.framework in Frameworks */,
			);
			runOnlyForDeploymentPostprocessing = 0;
		};
/* End PBXFrameworksBuildPhase section */

/* Begin PBXGroup section */
		047FD89CA1DC8505E0802AC9 /* Frameworks */ = {
			isa = PBXGroup;
			children = (
				6027435A53F9FF40CF4E2B2E /* Pods_Gorilla.framework */,
				7D6FA0AB4F531E6AF6427CF7 /* Pods_GorillaTests.framework */,
			);
			name = Frameworks;
			sourceTree = "<group>";
		};
		575ACA5D3CA84692CF27632F /* Pods */ = {
			isa = PBXGroup;
			children = (
				9222F2CED78881D018D1A98B /* Pods-Gorilla.debug.xcconfig */,
				CB332D6B9D1BB93948310378 /* Pods-Gorilla.release.xcconfig */,
				836D5C283965809B96BDF8B8 /* Pods-GorillaTests.debug.xcconfig */,
				6604FC07FAA964D85AA4F8D7 /* Pods-GorillaTests.release.xcconfig */,
			);
			name = Pods;
			sourceTree = "<group>";
		};
		8D1A42C22231120000EDD03A /* Search */ = {
			isa = PBXGroup;
			children = (
				99A1EA3E98F4C7181731ED45 /* ImgurAPIGallerySearch.swift */,
			);
			path = Search;
			sourceTree = "<group>";
		};
		8D23C473221EE88B00DB4626 /* FeedViewController */ = {
			isa = PBXGroup;
			children = (
				99A1E75E43A3A572158F11CE /* FeedViewController.swift */,
				8D23C474221EE8A800DB4626 /* FeedViewControllerSearchInteractor.swift */,
				8D50395222267CCC00E55E1B /* FeedViewControllerCollectionViewDataSource.swift */,
			);
			path = FeedViewController;
			sourceTree = "<group>";
		};
		8D23C476221EEC7400DB4626 /* Views */ = {
			isa = PBXGroup;
			children = (
				8D23C477221EEC8000DB4626 /* FeedCollectionView */,
			);
			path = Views;
			sourceTree = "<group>";
		};
		8D23C477221EEC8000DB4626 /* FeedCollectionView */ = {
			isa = PBXGroup;
			children = (
				8D23C478221EECB200DB4626 /* FeedCollectionView.swift */,
				8D23C481221EFBBA00DB4626 /* FeedCollectionImageViewCell */,
			);
			path = FeedCollectionView;
			sourceTree = "<group>";
		};
		8D23C47A221EEE9000DB4626 /* Extensions */ = {
			isa = PBXGroup;
			children = (
				8D23C47B221EEEA200DB4626 /* UIColor+Random.swift */,
				8DDD47942231601A005F555D /* SpecificResult.swift */,
			);
			path = Extensions;
			sourceTree = "<group>";
		};
		8D23C481221EFBBA00DB4626 /* FeedCollectionImageViewCell */ = {
			isa = PBXGroup;
			children = (
				8D23C47D221EF23600DB4626 /* FeedCollectionImageViewCell.swift */,
				8D23C47E221EF23600DB4626 /* FeedCollectionImageViewCell.xib */,
				8D23C482221EFBD000DB4626 /* FeedCollectionImageViewCellViewModel.swift */,
			);
			path = FeedCollectionImageViewCell;
			sourceTree = "<group>";
		};
		8D76851D22259D8100B6AC98 /* Models */ = {
			isa = PBXGroup;
			children = (
				8D76851E22259D9200B6AC98 /* ImgureGallerySearchResult.swift */,
			);
			path = Models;
			sourceTree = "<group>";
		};
		8DF59E24221D94130037C19B /* AppCoordinator */ = {
			isa = PBXGroup;
			children = (
				8DF59E25221D94130037C19B /* AppCoordinator.swift */,
				8DF59E26221D94130037C19B /* AppCoordinatorType.swift */,
			);
			path = AppCoordinator;
			sourceTree = "<group>";
		};
		99A1E25431FACD5D4BFA2846 /* Managers */ = {
			isa = PBXGroup;
			children = (
				99A1EAC6D09A896034832CC8 /* Networking */,
			);
			path = Managers;
			sourceTree = "<group>";
		};
		99A1E3A2541574899EFE93D3 /* Gorilla */ = {
			isa = PBXGroup;
			children = (
				8D76851D22259D8100B6AC98 /* Models */,
				8D23C47A221EEE9000DB4626 /* Extensions */,
				8D23C476221EEC7400DB4626 /* Views */,
				99A1EB1DE739821150785C1D /* Main */,
				99A1EF1187EF36DDCDF9C551 /* Resources */,
				99A1E25431FACD5D4BFA2846 /* Managers */,
				99A1ECF00BF67A33A20BBF3B /* ViewControllers */,
			);
			path = Gorilla;
			sourceTree = "<group>";
		};
		99A1E725D54D9812D39DFBD3 /* Gallery */ = {
			isa = PBXGroup;
			children = (
				99A1EA38059CAF3B6A7691AB /* ImgurAPIGallery.swift */,
				8D1A42C22231120000EDD03A /* Search */,
			);
			path = Gallery;
			sourceTree = "<group>";
		};
		99A1E83370F4B87B629973BD /* GorillaTests */ = {
			isa = PBXGroup;
			children = (
				99A1E130F4B7C3EBE71D0C10 /* GorillaTests.swift */,
			);
			path = GorillaTests;
			sourceTree = "<group>";
		};
		99A1E9012E7466C9C54C5182 /* EndPoints */ = {
			isa = PBXGroup;
			children = (
				99A1EDE519198BEA9D31A9FF /* ImgurAPI.swift */,
				8D1A42BE222FD9A300EDD03A /* ImgurAPI+ImgurTargetConvertible.swift */,
				99A1E725D54D9812D39DFBD3 /* Gallery */,
			);
			path = EndPoints;
			sourceTree = "<group>";
		};
		99A1EA4C60ADCDB9CB022BC3 = {
			isa = PBXGroup;
			children = (
				99A1ED1A9C866F5C964484EB /* Products */,
				99A1E3A2541574899EFE93D3 /* Gorilla */,
				99A1E150CB3A38516BCF07BB /* Gorilla.xcdatamodeld */,
				99A1E83370F4B87B629973BD /* GorillaTests */,
				575ACA5D3CA84692CF27632F /* Pods */,
				047FD89CA1DC8505E0802AC9 /* Frameworks */,
			);
			sourceTree = "<group>";
		};
		99A1EAC6D09A896034832CC8 /* Networking */ = {
			isa = PBXGroup;
			children = (
				99A1EAF972BB8ADB001EA6D7 /* JSONDecodable.swift */,
				8DDD4798223163E1005F555D /* SimpleJSONDataMapper.swift */,
				99A1EF1CC75EA1CAE2010169 /* TargetConvertible.swift */,
				99A1ECC7AD9B882BF9476B7A /* CredentialProvideable.swift */,
				99A1EDFB5FDDF85E15D6A484 /* Imgur */,
			);
			path = Networking;
			sourceTree = "<group>";
		};
		99A1EB1DE739821150785C1D /* Main */ = {
			isa = PBXGroup;
			children = (
				8DF59E24221D94130037C19B /* AppCoordinator */,
				99A1E1235B2B788E6FEA365E /* AppDelegate.swift */,
			);
			path = Main;
			sourceTree = "<group>";
		};
		99A1ECF00BF67A33A20BBF3B /* ViewControllers */ = {
			isa = PBXGroup;
			children = (
				8D23C473221EE88B00DB4626 /* FeedViewController */,
			);
			path = ViewControllers;
			sourceTree = "<group>";
		};
		99A1ED1A9C866F5C964484EB /* Products */ = {
			isa = PBXGroup;
			children = (
				99A1ECB36A82AB05C94D6FD8 /* Gorilla.app */,
				99A1E5654FA12BCBAEAA8A64 /* GorillaTests.xctest */,
			);
			name = Products;
			sourceTree = "<group>";
		};
		99A1EDFB5FDDF85E15D6A484 /* Imgur */ = {
			isa = PBXGroup;
			children = (
				8DB5DC74222FBC4100D3DB00 /* ImgurAuthenticationPlugin.swift */,
				8DDA2861222E847200247E05 /* ImgurTarget.swift */,
				8DCFD9D5222EE1BA00F83C1B /* ImgurRequestManager.swift */,
				8D1A42C0222FDA4200EDD03A /* ImgurTargetConvertible.swift */,
				99A1E9012E7466C9C54C5182 /* EndPoints */,
			);
			path = Imgur;
			sourceTree = "<group>";
		};
		99A1EF1187EF36DDCDF9C551 /* Resources */ = {
			isa = PBXGroup;
			children = (
				8D54083F221DA79E0022C161 /* Info.plist */,
				99A1EBB5AC76538AA7CD2EC5 /* Assets.xcassets */,
				99A1E0C84B8AA6F747D367F4 /* LaunchScreen.storyboard */,
				99A1E6C9825437D136CD7DA6 /* Main.storyboard */,
			);
			path = Resources;
			sourceTree = "<group>";
		};
/* End PBXGroup section */

/* Begin PBXNativeTarget section */
		99A1E7FAF260304A675346C3 /* Gorilla */ = {
			isa = PBXNativeTarget;
			buildConfigurationList = 99A1E2588B603DC5413AA64D /* Build configuration list for PBXNativeTarget "Gorilla" */;
			buildPhases = (
				AF31823BE25A3AAD552C2760 /* [CP] Check Pods Manifest.lock */,
				99A1E37DFB7C3BC8039DA1DD /* Sources */,
				99A1E8C155CF369AAAB72FB1 /* Frameworks */,
				99A1E8B1370622DFB779C4EF /* Resources */,
				A53191C7E648DD8D22758120 /* [CP] Embed Pods Frameworks */,
			);
			buildRules = (
			);
			dependencies = (
			);
			name = Gorilla;
			productName = Gorilla;
			productReference = 99A1ECB36A82AB05C94D6FD8 /* Gorilla.app */;
			productType = "com.apple.product-type.application";
		};
		99A1ECBB4A8C305BE3A4B3CD /* GorillaTests */ = {
			isa = PBXNativeTarget;
			buildConfigurationList = 99A1E39F4B1454FD4BD293DD /* Build configuration list for PBXNativeTarget "GorillaTests" */;
			buildPhases = (
				D3B971AE5A8B51BDE00F3EF5 /* [CP] Check Pods Manifest.lock */,
				99A1E5F6C8A8509DB450072F /* Sources */,
				99A1EA6EE177163AC448E258 /* Frameworks */,
				99A1E61DD20CCFA0D3430620 /* Resources */,
			);
			buildRules = (
			);
			dependencies = (
				99A1EE7BDCF199D1267EA814 /* PBXTargetDependency */,
			);
			name = GorillaTests;
			productName = GorillaTests;
			productReference = 99A1E5654FA12BCBAEAA8A64 /* GorillaTests.xctest */;
			productType = "com.apple.product-type.bundle.unit-test";
		};
/* End PBXNativeTarget section */

/* Begin PBXProject section */
		99A1EFF8742B5BC43D450492 /* Project object */ = {
			isa = PBXProject;
			attributes = {
				ORGANIZATIONNAME = Galushka.com;
				TargetAttributes = {
					99A1E7FAF260304A675346C3 = {
						DevelopmentTeam = YDDE2DY87F;
					};
				};
			};
			buildConfigurationList = 99A1E6394493AE9BF7FF4C43 /* Build configuration list for PBXProject "Gorilla" */;
			compatibilityVersion = "Xcode 3.2";
			developmentRegion = English;
			hasScannedForEncodings = 0;
			knownRegions = (
				en,
			);
			mainGroup = 99A1EA4C60ADCDB9CB022BC3;
			productRefGroup = 99A1ED1A9C866F5C964484EB /* Products */;
			projectDirPath = "";
			projectRoot = "";
			targets = (
				99A1E7FAF260304A675346C3 /* Gorilla */,
				99A1ECBB4A8C305BE3A4B3CD /* GorillaTests */,
			);
		};
/* End PBXProject section */

/* Begin PBXResourcesBuildPhase section */
		99A1E61DD20CCFA0D3430620 /* Resources */ = {
			isa = PBXResourcesBuildPhase;
			buildActionMask = 2147483647;
			files = (
			);
			runOnlyForDeploymentPostprocessing = 0;
		};
		99A1E8B1370622DFB779C4EF /* Resources */ = {
			isa = PBXResourcesBuildPhase;
			buildActionMask = 2147483647;
			files = (
				99A1E9BE2FF252AD0DFB5369 /* Assets.xcassets in Resources */,
				99A1E64BB3BDBC887DD8BC7C /* LaunchScreen.storyboard in Resources */,
				8D23C480221EF23600DB4626 /* FeedCollectionImageViewCell.xib in Resources */,
				99A1EB6CAB5BE93C3D170A97 /* Main.storyboard in Resources */,
			);
			runOnlyForDeploymentPostprocessing = 0;
		};
/* End PBXResourcesBuildPhase section */

/* Begin PBXShellScriptBuildPhase section */
		A53191C7E648DD8D22758120 /* [CP] Embed Pods Frameworks */ = {
			isa = PBXShellScriptBuildPhase;
			buildActionMask = 2147483647;
			files = (
			);
			inputFileListPaths = (
			);
			inputPaths = (
				"${SRCROOT}/Pods/Target Support Files/Pods-Gorilla/Pods-Gorilla-frameworks.sh",
				"${BUILT_PRODUCTS_DIR}/Alamofire/Alamofire.framework",
			);
			name = "[CP] Embed Pods Frameworks";
			outputFileListPaths = (
			);
			outputPaths = (
				"${TARGET_BUILD_DIR}/${FRAMEWORKS_FOLDER_PATH}/Alamofire.framework",
			);
			runOnlyForDeploymentPostprocessing = 0;
			shellPath = /bin/sh;
			shellScript = "\"${SRCROOT}/Pods/Target Support Files/Pods-Gorilla/Pods-Gorilla-frameworks.sh\"\n";
			showEnvVarsInLog = 0;
		};
		AF31823BE25A3AAD552C2760 /* [CP] Check Pods Manifest.lock */ = {
			isa = PBXShellScriptBuildPhase;
			buildActionMask = 2147483647;
			files = (
			);
			inputFileListPaths = (
			);
			inputPaths = (
				"${PODS_PODFILE_DIR_PATH}/Podfile.lock",
				"${PODS_ROOT}/Manifest.lock",
			);
			name = "[CP] Check Pods Manifest.lock";
			outputFileListPaths = (
			);
			outputPaths = (
				"$(DERIVED_FILE_DIR)/Pods-Gorilla-checkManifestLockResult.txt",
			);
			runOnlyForDeploymentPostprocessing = 0;
			shellPath = /bin/sh;
			shellScript = "diff \"${PODS_PODFILE_DIR_PATH}/Podfile.lock\" \"${PODS_ROOT}/Manifest.lock\" > /dev/null\nif [ $? != 0 ] ; then\n    # print error to STDERR\n    echo \"error: The sandbox is not in sync with the Podfile.lock. Run 'pod install' or update your CocoaPods installation.\" >&2\n    exit 1\nfi\n# This output is used by Xcode 'outputs' to avoid re-running this script phase.\necho \"SUCCESS\" > \"${SCRIPT_OUTPUT_FILE_0}\"\n";
			showEnvVarsInLog = 0;
		};
		D3B971AE5A8B51BDE00F3EF5 /* [CP] Check Pods Manifest.lock */ = {
			isa = PBXShellScriptBuildPhase;
			buildActionMask = 2147483647;
			files = (
			);
			inputFileListPaths = (
			);
			inputPaths = (
				"${PODS_PODFILE_DIR_PATH}/Podfile.lock",
				"${PODS_ROOT}/Manifest.lock",
			);
			name = "[CP] Check Pods Manifest.lock";
			outputFileListPaths = (
			);
			outputPaths = (
				"$(DERIVED_FILE_DIR)/Pods-GorillaTests-checkManifestLockResult.txt",
			);
			runOnlyForDeploymentPostprocessing = 0;
			shellPath = /bin/sh;
			shellScript = "diff \"${PODS_PODFILE_DIR_PATH}/Podfile.lock\" \"${PODS_ROOT}/Manifest.lock\" > /dev/null\nif [ $? != 0 ] ; then\n    # print error to STDERR\n    echo \"error: The sandbox is not in sync with the Podfile.lock. Run 'pod install' or update your CocoaPods installation.\" >&2\n    exit 1\nfi\n# This output is used by Xcode 'outputs' to avoid re-running this script phase.\necho \"SUCCESS\" > \"${SCRIPT_OUTPUT_FILE_0}\"\n";
			showEnvVarsInLog = 0;
		};
/* End PBXShellScriptBuildPhase section */

/* Begin PBXSourcesBuildPhase section */
		99A1E37DFB7C3BC8039DA1DD /* Sources */ = {
			isa = PBXSourcesBuildPhase;
			buildActionMask = 2147483647;
			files = (
				8D23C479221EECB200DB4626 /* FeedCollectionView.swift in Sources */,
				8DF59E27221D94130037C19B /* AppCoordinator.swift in Sources */,
				99A1E34DCC1950CC517858FA /* Gorilla.xcdatamodeld in Sources */,
				8D23C475221EE8A800DB4626 /* FeedViewControllerSearchInteractor.swift in Sources */,
				99A1E3E21A1D7055C4C1540D /* AppDelegate.swift in Sources */,
				8DDD47952231601A005F555D /* SpecificResult.swift in Sources */,
				8DF59E28221D94130037C19B /* AppCoordinatorType.swift in Sources */,
				8D23C47F221EF23600DB4626 /* FeedCollectionImageViewCell.swift in Sources */,
				8D23C47C221EEEA200DB4626 /* UIColor+Random.swift in Sources */,
				8D1A42C1222FDA4200EDD03A /* ImgurTargetConvertible.swift in Sources */,
				99A1E9EFFCEE3276D223EAAE /* JSONDecodable.swift in Sources */,
				8D23C483221EFBD000DB4626 /* FeedCollectionImageViewCellViewModel.swift in Sources */,
				8D50395322267CCC00E55E1B /* FeedViewControllerCollectionViewDataSource.swift in Sources */,
				8DDD4799223163E1005F555D /* SimpleJSONDataMapper.swift in Sources */,
				8DDA2862222E847200247E05 /* ImgurTarget.swift in Sources */,
				8D76851F22259D9200B6AC98 /* ImgureGallerySearchResult.swift in Sources */,
				8D1A42BF222FD9A300EDD03A /* ImgurAPI+ImgurTargetConvertible.swift in Sources */,
				99A1E33A1F75E8940BF330A8 /* FeedViewController.swift in Sources */,
				99A1EC974E554FD57895B91E /* ImgurAPI.swift in Sources */,
				99A1ECD5B90ED421B871B8F9 /* ImgurAPIGallery.swift in Sources */,
				8DB5DC75222FBC4100D3DB00 /* ImgurAuthenticationPlugin.swift in Sources */,
				99A1E9A1E6812C59AEE84AD3 /* ImgurAPIGallerySearch.swift in Sources */,
				8DCFD9D6222EE1BA00F83C1B /* ImgurRequestManager.swift in Sources */,
				99A1E8060A6D828624F430A7 /* TargetConvertible.swift in Sources */,
				99A1EB6AD6709E3E4CFE4C45 /* CredentialProvideable.swift in Sources */,
			);
			runOnlyForDeploymentPostprocessing = 0;
		};
		99A1E5F6C8A8509DB450072F /* Sources */ = {
			isa = PBXSourcesBuildPhase;
			buildActionMask = 2147483647;
			files = (
				99A1E45180C3143F9B23E554 /* GorillaTests.swift in Sources */,
			);
			runOnlyForDeploymentPostprocessing = 0;
		};
/* End PBXSourcesBuildPhase section */

/* Begin PBXTargetDependency section */
		99A1EE7BDCF199D1267EA814 /* PBXTargetDependency */ = {
			isa = PBXTargetDependency;
			target = 99A1E7FAF260304A675346C3 /* Gorilla */;
			targetProxy = 99A1E26E7993B7E9CA744B15 /* PBXContainerItemProxy */;
		};
/* End PBXTargetDependency section */

/* Begin XCBuildConfiguration section */
		99A1E07552423A342F0FEEC8 /* Release */ = {
			isa = XCBuildConfiguration;
			baseConfigurationReference = CB332D6B9D1BB93948310378 /* Pods-Gorilla.release.xcconfig */;
			buildSettings = {
				ASSETCATALOG_COMPILER_APPICON_NAME = AppIcon;
				DEVELOPMENT_TEAM = YDDE2DY87F;
				INFOPLIST_FILE = Gorilla/Resources/Info.plist;
				LD_RUNPATH_SEARCH_PATHS = "$(inherited) @executable_path/Frameworks";
				PRODUCT_BUNDLE_IDENTIFIER = Galushka.com.Gorilla;
				PRODUCT_NAME = "$(TARGET_NAME)";
				SWIFT_VERSION = 4.2;
				TARGETED_DEVICE_FAMILY = "1,2";
			};
			name = Release;
		};
		99A1E0D1E5B264A51F2D1E0F /* Debug */ = {
			isa = XCBuildConfiguration;
			baseConfigurationReference = 9222F2CED78881D018D1A98B /* Pods-Gorilla.debug.xcconfig */;
			buildSettings = {
				ASSETCATALOG_COMPILER_APPICON_NAME = AppIcon;
				DEVELOPMENT_TEAM = YDDE2DY87F;
				INFOPLIST_FILE = Gorilla/Resources/Info.plist;
				LD_RUNPATH_SEARCH_PATHS = "$(inherited) @executable_path/Frameworks";
				PRODUCT_BUNDLE_IDENTIFIER = Galushka.com.Gorilla;
				PRODUCT_NAME = "$(TARGET_NAME)";
				SWIFT_VERSION = 4.2;
				TARGETED_DEVICE_FAMILY = "1,2";
			};
			name = Debug;
		};
		99A1E406E2BE88DA0D6B173B /* Debug */ = {
			isa = XCBuildConfiguration;
			buildSettings = {
				ALWAYS_SEARCH_USER_PATHS = NO;
				CLANG_ANALYZER_NONNULL = YES;
				CLANG_ANALYZER_NUMBER_OBJECT_CONVERSION = YES_AGGRESSIVE;
				CLANG_CXX_LANGUAGE_STANDARD = "gnu++14";
				CLANG_CXX_LIBRARY = "libc++";
				CLANG_ENABLE_MODULES = YES;
				CLANG_ENABLE_OBJC_ARC = YES;
				CLANG_ENABLE_OBJC_WEAK = YES;
				CLANG_WARN_BLOCK_CAPTURE_AUTORELEASING = YES;
				CLANG_WARN_BOOL_CONVERSION = YES;
				CLANG_WARN_COMMA = YES;
				CLANG_WARN_CONSTANT_CONVERSION = YES;
				CLANG_WARN_DEPRECATED_OBJC_IMPLEMENTATIONS = YES;
				CLANG_WARN_DIRECT_OBJC_ISA_USAGE = YES_ERROR;
				CLANG_WARN_DOCUMENTATION_COMMENTS = YES;
				CLANG_WARN_EMPTY_BODY = YES;
				CLANG_WARN_ENUM_CONVERSION = YES;
				CLANG_WARN_INFINITE_RECURSION = YES;
				CLANG_WARN_INT_CONVERSION = YES;
				CLANG_WARN_NON_LITERAL_NULL_CONVERSION = YES;
				CLANG_WARN_OBJC_IMPLICIT_RETAIN_SELF = YES;
				CLANG_WARN_OBJC_LITERAL_CONVERSION = YES;
				CLANG_WARN_OBJC_ROOT_CLASS = YES_ERROR;
				CLANG_WARN_RANGE_LOOP_ANALYSIS = YES;
				CLANG_WARN_STRICT_PROTOTYPES = YES;
				CLANG_WARN_SUSPICIOUS_MOVE = YES;
				CLANG_WARN_UNGUARDED_AVAILABILITY = YES_AGGRESSIVE;
				CLANG_WARN_UNREACHABLE_CODE = YES;
				CLANG_WARN__DUPLICATE_METHOD_MATCH = YES;
				CODE_SIGN_IDENTITY = "iPhone Developer";
				COPY_PHASE_STRIP = NO;
				DEBUG_INFORMATION_FORMAT = dwarf;
				ENABLE_STRICT_OBJC_MSGSEND = YES;
				ENABLE_TESTABILITY = YES;
				GCC_C_LANGUAGE_STANDARD = gnu11;
				GCC_DYNAMIC_NO_PIC = NO;
				GCC_NO_COMMON_BLOCKS = YES;
				GCC_OPTIMIZATION_LEVEL = 0;
				GCC_PREPROCESSOR_DEFINITIONS = (
					"DEBUG=1",
					"$(inherited)",
				);
				GCC_WARN_64_TO_32_BIT_CONVERSION = YES;
				GCC_WARN_ABOUT_RETURN_TYPE = YES_ERROR;
				GCC_WARN_UNDECLARED_SELECTOR = YES;
				GCC_WARN_UNINITIALIZED_AUTOS = YES_AGGRESSIVE;
				GCC_WARN_UNUSED_FUNCTION = YES;
				GCC_WARN_UNUSED_VARIABLE = YES;
				IPHONEOS_DEPLOYMENT_TARGET = 12.1;
				MTL_ENABLE_DEBUG_INFO = INCLUDE_SOURCE;
				MTL_FAST_MATH = YES;
				ONLY_ACTIVE_ARCH = YES;
				SDKROOT = iphoneos;
				SWIFT_ACTIVE_COMPILATION_CONDITIONS = DEBUG;
				SWIFT_OPTIMIZATION_LEVEL = "-Onone";
			};
			name = Debug;
		};
		99A1EADD5DE0D1CB6F01681B /* Debug */ = {
			isa = XCBuildConfiguration;
			baseConfigurationReference = 836D5C283965809B96BDF8B8 /* Pods-GorillaTests.debug.xcconfig */;
			buildSettings = {
				BUNDLE_LOADER = "$(BUILT_PRODUCTS_DIR)/Gorilla.app/Gorilla";
				INFOPLIST_FILE = GorillaTests/Info.plist;
				LD_RUNPATH_SEARCH_PATHS = "$(inherited) @executable_path/Frameworks @loader_path/Frameworks";
				PRODUCT_BUNDLE_IDENTIFIER = Galushka.com.GorillaTests;
				PRODUCT_NAME = "$(TARGET_NAME)";
				SWIFT_VERSION = 4.2;
				TARGETED_DEVICE_FAMILY = "1,2";
				TEST_HOST = "$(BUNDLE_LOADER)";
			};
			name = Debug;
		};
		99A1EB709C8700BEABB02447 /* Release */ = {
			isa = XCBuildConfiguration;
			baseConfigurationReference = 6604FC07FAA964D85AA4F8D7 /* Pods-GorillaTests.release.xcconfig */;
			buildSettings = {
				BUNDLE_LOADER = "$(BUILT_PRODUCTS_DIR)/Gorilla.app/Gorilla";
				INFOPLIST_FILE = GorillaTests/Info.plist;
				LD_RUNPATH_SEARCH_PATHS = "$(inherited) @executable_path/Frameworks @loader_path/Frameworks";
				PRODUCT_BUNDLE_IDENTIFIER = Galushka.com.GorillaTests;
				PRODUCT_NAME = "$(TARGET_NAME)";
				SWIFT_VERSION = 4.2;
				TARGETED_DEVICE_FAMILY = "1,2";
				TEST_HOST = "$(BUNDLE_LOADER)";
			};
			name = Release;
		};
		99A1EDEEB391F4BDF869C8F1 /* Release */ = {
			isa = XCBuildConfiguration;
			buildSettings = {
				ALWAYS_SEARCH_USER_PATHS = NO;
				CLANG_ANALYZER_NONNULL = YES;
				CLANG_ANALYZER_NUMBER_OBJECT_CONVERSION = YES_AGGRESSIVE;
				CLANG_CXX_LANGUAGE_STANDARD = "gnu++14";
				CLANG_CXX_LIBRARY = "libc++";
				CLANG_ENABLE_MODULES = YES;
				CLANG_ENABLE_OBJC_ARC = YES;
				CLANG_ENABLE_OBJC_WEAK = YES;
				CLANG_WARN_BLOCK_CAPTURE_AUTORELEASING = YES;
				CLANG_WARN_BOOL_CONVERSION = YES;
				CLANG_WARN_COMMA = YES;
				CLANG_WARN_CONSTANT_CONVERSION = YES;
				CLANG_WARN_DEPRECATED_OBJC_IMPLEMENTATIONS = YES;
				CLANG_WARN_DIRECT_OBJC_ISA_USAGE = YES_ERROR;
				CLANG_WARN_DOCUMENTATION_COMMENTS = YES;
				CLANG_WARN_EMPTY_BODY = YES;
				CLANG_WARN_ENUM_CONVERSION = YES;
				CLANG_WARN_INFINITE_RECURSION = YES;
				CLANG_WARN_INT_CONVERSION = YES;
				CLANG_WARN_NON_LITERAL_NULL_CONVERSION = YES;
				CLANG_WARN_OBJC_IMPLICIT_RETAIN_SELF = YES;
				CLANG_WARN_OBJC_LITERAL_CONVERSION = YES;
				CLANG_WARN_OBJC_ROOT_CLASS = YES_ERROR;
				CLANG_WARN_RANGE_LOOP_ANALYSIS = YES;
				CLANG_WARN_STRICT_PROTOTYPES = YES;
				CLANG_WARN_SUSPICIOUS_MOVE = YES;
				CLANG_WARN_UNGUARDED_AVAILABILITY = YES_AGGRESSIVE;
				CLANG_WARN_UNREACHABLE_CODE = YES;
				CLANG_WARN__DUPLICATE_METHOD_MATCH = YES;
				CODE_SIGN_IDENTITY = "iPhone Developer";
				COPY_PHASE_STRIP = NO;
				DEBUG_INFORMATION_FORMAT = "dwarf-with-dsym";
				ENABLE_NS_ASSERTIONS = NO;
				ENABLE_STRICT_OBJC_MSGSEND = YES;
				GCC_C_LANGUAGE_STANDARD = gnu11;
				GCC_NO_COMMON_BLOCKS = YES;
				GCC_WARN_64_TO_32_BIT_CONVERSION = YES;
				GCC_WARN_ABOUT_RETURN_TYPE = YES_ERROR;
				GCC_WARN_UNDECLARED_SELECTOR = YES;
				GCC_WARN_UNINITIALIZED_AUTOS = YES_AGGRESSIVE;
				GCC_WARN_UNUSED_FUNCTION = YES;
				GCC_WARN_UNUSED_VARIABLE = YES;
				IPHONEOS_DEPLOYMENT_TARGET = 12.1;
				MTL_ENABLE_DEBUG_INFO = NO;
				MTL_FAST_MATH = YES;
				SDKROOT = iphoneos;
				SWIFT_OPTIMIZATION_LEVEL = "-Owholemodule";
				VALIDATE_PRODUCT = YES;
			};
			name = Release;
		};
/* End XCBuildConfiguration section */

/* Begin XCConfigurationList section */
		99A1E2588B603DC5413AA64D /* Build configuration list for PBXNativeTarget "Gorilla" */ = {
			isa = XCConfigurationList;
			buildConfigurations = (
				99A1E0D1E5B264A51F2D1E0F /* Debug */,
				99A1E07552423A342F0FEEC8 /* Release */,
			);
			defaultConfigurationIsVisible = 0;
			defaultConfigurationName = Release;
		};
		99A1E39F4B1454FD4BD293DD /* Build configuration list for PBXNativeTarget "GorillaTests" */ = {
			isa = XCConfigurationList;
			buildConfigurations = (
				99A1EADD5DE0D1CB6F01681B /* Debug */,
				99A1EB709C8700BEABB02447 /* Release */,
			);
			defaultConfigurationIsVisible = 0;
			defaultConfigurationName = Release;
		};
		99A1E6394493AE9BF7FF4C43 /* Build configuration list for PBXProject "Gorilla" */ = {
			isa = XCConfigurationList;
			buildConfigurations = (
				99A1E406E2BE88DA0D6B173B /* Debug */,
				99A1EDEEB391F4BDF869C8F1 /* Release */,
			);
			defaultConfigurationIsVisible = 0;
			defaultConfigurationName = Release;
		};
/* End XCConfigurationList section */

/* Begin XCVersionGroup section */
		99A1E150CB3A38516BCF07BB /* Gorilla.xcdatamodeld */ = {
			isa = XCVersionGroup;
			children = (
				99A1E10DE28AAA6CE4401C58 /* Gorilla.xcdatamodel */,
			);
			currentVersion = 99A1E10DE28AAA6CE4401C58 /* Gorilla.xcdatamodel */;
			path = Gorilla.xcdatamodeld;
			sourceTree = "<group>";
			versionGroupType = wrapper.xcdatamodel;
		};
/* End XCVersionGroup section */
	};
	rootObject = 99A1EFF8742B5BC43D450492 /* Project object */;
}
